
Microsoft Visual Studio Solution File, Format Version 12.00
# Visual Studio Version 17
Project("{8BC9CEB8-8B4A-11D0-8D11-00A0C91BC942}") = "ALL_BUILD", "ALL_BUILD.vcxproj", "{1A2BBD3C-A07E-3B7C-896B-9A3D023D7D17}"
	ProjectSection(ProjectDependencies) = postProject
		{C555D75C-6BD1-3DAF-9166-91E5536124A9} = {C555D75C-6BD1-3DAF-9166-91E5536124A9}
		{7CB00165-7EC7-31C1-A698-E4D322DB30FF} = {7CB00165-7EC7-31C1-A698-E4D322DB30FF}
		{77B1DAC0-3141-38B8-80B4-3DF615A869AC} = {77B1DAC0-3141-38B8-80B4-3DF615A869AC}
		{54A7CE35-3715-3018-ABAE-E5C643DAC264} = {54A7CE35-3715-3018-ABAE-E5C643DAC264}
	EndProjectSection
EndProject
Project("{8BC9CEB8-8B4A-11D0-8D11-00A0C91BC942}") = "INSTALL", "INSTALL.vcxproj", "{5A71D99F-5A01-3028-9923-9875295C70D2}"
	ProjectSection(ProjectDependencies) = postProject
		{1A2BBD3C-A07E-3B7C-896B-9A3D023D7D17} = {1A2BBD3C-A07E-3B7C-896B-9A3D023D7D17}
		{C555D75C-6BD1-3DAF-9166-91E5536124A9} = {C555D75C-6BD1-3DAF-9166-91E5536124A9}
	EndProjectSection
EndProject
Project("{8BC9CEB8-8B4A-11D0-8D11-00A0C91BC942}") = "ZERO_CHECK", "ZERO_CHECK.vcxproj", "{C555D75C-6BD1-3DAF-9166-91E5536124A9}"
	ProjectSection(ProjectDependencies) = postProject
	EndProjectSection
EndProject
Project("{8BC9CEB8-8B4A-11D0-8D11-00A0C91BC942}") = "apriltag", "apriltag.vcxproj", "{7CB00165-7EC7-31C1-A698-E4D322DB30FF}"
	ProjectSection(ProjectDependencies) = postProject
		{C555D75C-6BD1-3DAF-9166-91E5536124A9} = {C555D75C-6BD1-3DAF-9166-91E5536124A9}
	EndProjectSection
EndProject
Project("{8BC9CEB8-8B4A-11D0-8D11-00A0C91BC942}") = "apriltag.cp310-win_amd64", "apriltag.cp310-win_amd64.vcxproj", "{77B1DAC0-3141-38B8-80B4-3DF615A869AC}"
	ProjectSection(ProjectDependencies) = postProject
		{C555D75C-6BD1-3DAF-9166-91E5536124A9} = {C555D75C-6BD1-3DAF-9166-91E5536124A9}
		{7CB00165-7EC7-31C1-A698-E4D322DB30FF} = {7CB00165-7EC7-31C1-A698-E4D322DB30FF}
		{DC1CB6DC-4CF9-3D03-BF46-87980629F386} = {DC1CB6DC-4CF9-3D03-BF46-87980629F386}
	EndProjectSection
EndProject
Project("{8BC9CEB8-8B4A-11D0-8D11-00A0C91BC942}") = "apriltag_demo", "apriltag_demo.vcxproj", "{54A7CE35-3715-3018-ABAE-E5C643DAC264}"
	ProjectSection(ProjectDependencies) = postProject
		{C555D75C-6BD1-3DAF-9166-91E5536124A9} = {C555D75C-6BD1-3DAF-9166-91E5536124A9}
		{7CB00165-7EC7-31C1-A698-E4D322DB30FF} = {7CB00165-7EC7-31C1-A698-E4D322DB30FF}
	EndProjectSection
EndProject
Project("{8BC9CEB8-8B4A-11D0-8D11-00A0C91BC942}") = "apriltag_py_docstrings", "apriltag_py_docstrings.vcxproj", "{DC1CB6DC-4CF9-3D03-BF46-87980629F386}"
	ProjectSection(ProjectDependencies) = postProject
		{C555D75C-6BD1-3DAF-9166-91E5536124A9} = {C555D75C-6BD1-3DAF-9166-91E5536124A9}
	EndProjectSection
EndProject
Global
	GlobalSection(SolutionConfigurationPlatforms) = preSolution
		Debug|x64 = Debug|x64
		Release|x64 = Release|x64
		MinSizeRel|x64 = MinSizeRel|x64
		RelWithDebInfo|x64 = RelWithDebInfo|x64
	EndGlobalSection
	GlobalSection(ProjectConfigurationPlatforms) = postSolution
		{1A2BBD3C-A07E-3B7C-896B-9A3D023D7D17}.Debug|x64.ActiveCfg = Debug|x64
		{1A2BBD3C-A07E-3B7C-896B-9A3D023D7D17}.Debug|x64.Build.0 = Debug|x64
		{1A2BBD3C-A07E-3B7C-896B-9A3D023D7D17}.Release|x64.ActiveCfg = Release|x64
		{1A2BBD3C-A07E-3B7C-896B-9A3D023D7D17}.Release|x64.Build.0 = Release|x64
		{1A2BBD3C-A07E-3B7C-896B-9A3D023D7D17}.MinSizeRel|x64.ActiveCfg = MinSizeRel|x64
		{1A2BBD3C-A07E-3B7C-896B-9A3D023D7D17}.MinSizeRel|x64.Build.0 = MinSizeRel|x64
		{1A2BBD3C-A07E-3B7C-896B-9A3D023D7D17}.RelWithDebInfo|x64.ActiveCfg = RelWithDebInfo|x64
		{1A2BBD3C-A07E-3B7C-896B-9A3D023D7D17}.RelWithDebInfo|x64.Build.0 = RelWithDebInfo|x64
		{5A71D99F-5A01-3028-9923-9875295C70D2}.Debug|x64.ActiveCfg = Debug|x64
		{5A71D99F-5A01-3028-9923-9875295C70D2}.Release|x64.ActiveCfg = Release|x64
		{5A71D99F-5A01-3028-9923-9875295C70D2}.MinSizeRel|x64.ActiveCfg = MinSizeRel|x64
		{5A71D99F-5A01-3028-9923-9875295C70D2}.RelWithDebInfo|x64.ActiveCfg = RelWithDebInfo|x64
		{C555D75C-6BD1-3DAF-9166-91E5536124A9}.Debug|x64.ActiveCfg = Debug|x64
		{C555D75C-6BD1-3DAF-9166-91E5536124A9}.Debug|x64.Build.0 = Debug|x64
		{C555D75C-6BD1-3DAF-9166-91E5536124A9}.Release|x64.ActiveCfg = Release|x64
		{C555D75C-6BD1-3DAF-9166-91E5536124A9}.Release|x64.Build.0 = Release|x64
		{C555D75C-6BD1-3DAF-9166-91E5536124A9}.MinSizeRel|x64.ActiveCfg = MinSizeRel|x64
		{C555D75C-6BD1-3DAF-9166-91E5536124A9}.MinSizeRel|x64.Build.0 = MinSizeRel|x64
		{C555D75C-6BD1-3DAF-9166-91E5536124A9}.RelWithDebInfo|x64.ActiveCfg = RelWithDebInfo|x64
		{C555D75C-6BD1-3DAF-9166-91E5536124A9}.RelWithDebInfo|x64.Build.0 = RelWithDebInfo|x64
		{7CB00165-7EC7-31C1-A698-E4D322DB30FF}.Debug|x64.ActiveCfg = Debug|x64
		{7CB00165-7EC7-31C1-A698-E4D322DB30FF}.Debug|x64.Build.0 = Debug|x64
		{7CB00165-7EC7-31C1-A698-E4D322DB30FF}.Release|x64.ActiveCfg = Release|x64
		{7CB00165-7EC7-31C1-A698-E4D322DB30FF}.Release|x64.Build.0 = Release|x64
		{7CB00165-7EC7-31C1-A698-E4D322DB30FF}.MinSizeRel|x64.ActiveCfg = MinSizeRel|x64
		{7CB00165-7EC7-31C1-A698-E4D322DB30FF}.MinSizeRel|x64.Build.0 = MinSizeRel|x64
		{7CB00165-7EC7-31C1-A698-E4D322DB30FF}.RelWithDebInfo|x64.ActiveCfg = RelWithDebInfo|x64
		{7CB00165-7EC7-31C1-A698-E4D322DB30FF}.RelWithDebInfo|x64.Build.0 = RelWithDebInfo|x64
		{77B1DAC0-3141-38B8-80B4-3DF615A869AC}.Debug|x64.ActiveCfg = Debug|x64
		{77B1DAC0-3141-38B8-80B4-3DF615A869AC}.Debug|x64.Build.0 = Debug|x64
		{77B1DAC0-3141-38B8-80B4-3DF615A869AC}.Release|x64.ActiveCfg = Release|x64
		{77B1DAC0-3141-38B8-80B4-3DF615A869AC}.Release|x64.Build.0 = Release|x64
		{77B1DAC0-3141-38B8-80B4-3DF615A869AC}.MinSizeRel|x64.ActiveCfg = MinSizeRel|x64
		{77B1DAC0-3141-38B8-80B4-3DF615A869AC}.MinSizeRel|x64.Build.0 = MinSizeRel|x64
		{77B1DAC0-3141-38B8-80B4-3DF615A869AC}.RelWithDebInfo|x64.ActiveCfg = RelWithDebInfo|x64
		{77B1DAC0-3141-38B8-80B4-3DF615A869AC}.RelWithDebInfo|x64.Build.0 = RelWithDebInfo|x64
		{54A7CE35-3715-3018-ABAE-E5C643DAC264}.Debug|x64.ActiveCfg = Debug|x64
		{54A7CE35-3715-3018-ABAE-E5C643DAC264}.Debug|x64.Build.0 = Debug|x64
		{54A7CE35-3715-3018-ABAE-E5C643DAC264}.Release|x64.ActiveCfg = Release|x64
		{54A7CE35-3715-3018-ABAE-E5C643DAC264}.Release|x64.Build.0 = Release|x64
		{54A7CE35-3715-3018-ABAE-E5C643DAC264}.MinSizeRel|x64.ActiveCfg = MinSizeRel|x64
		{54A7CE35-3715-3018-ABAE-E5C643DAC264}.MinSizeRel|x64.Build.0 = MinSizeRel|x64
		{54A7CE35-3715-3018-ABAE-E5C643DAC264}.RelWithDebInfo|x64.ActiveCfg = RelWithDebInfo|x64
		{54A7CE35-3715-3018-ABAE-E5C643DAC264}.RelWithDebInfo|x64.Build.0 = RelWithDebInfo|x64
		{DC1CB6DC-4CF9-3D03-BF46-87980629F386}.Debug|x64.ActiveCfg = Debug|x64
		{DC1CB6DC-4CF9-3D03-BF46-87980629F386}.Debug|x64.Build.0 = Debug|x64
		{DC1CB6DC-4CF9-3D03-BF46-87980629F386}.Release|x64.ActiveCfg = Release|x64
		{DC1CB6DC-4CF9-3D03-BF46-87980629F386}.Release|x64.Build.0 = Release|x64
		{DC1CB6DC-4CF9-3D03-BF46-87980629F386}.MinSizeRel|x64.ActiveCfg = MinSizeRel|x64
		{DC1CB6DC-4CF9-3D03-BF46-87980629F386}.MinSizeRel|x64.Build.0 = MinSizeRel|x64
		{DC1CB6DC-4CF9-3D03-BF46-87980629F386}.RelWithDebInfo|x64.ActiveCfg = RelWithDebInfo|x64
		{DC1CB6DC-4CF9-3D03-BF46-87980629F386}.RelWithDebInfo|x64.Build.0 = RelWithDebInfo|x64
	EndGlobalSection
	GlobalSection(ExtensibilityGlobals) = postSolution
		SolutionGuid = {862110B5-C2A4-3166-9731-43826AA4205B}
	EndGlobalSection
	GlobalSection(ExtensibilityAddIns) = postSolution
	EndGlobalSection
EndGlobal
