<?xml version="1.0" encoding="utf-8"?>
<Project ToolsVersion="17.0" xmlns="http://schemas.microsoft.com/developer/msbuild/2003">
  <ItemGroup>
    <CustomBuild Include="C:\Users\Usuario\Desktop\5CARRERA\CUIA\PRACTICAS\Proyecto\apriltag\CMakeFiles\79b2240e92c174c9811211833e1c6cd9\apriltag_detect_docstring.h.rule">
      <Filter>CMake Rules</Filter>
    </CustomBuild>
    <CustomBuild Include="C:\Users\Usuario\Desktop\5CARRERA\CUIA\PRACTICAS\Proyecto\apriltag\CMakeFiles\79b2240e92c174c9811211833e1c6cd9\apriltag_py_type_docstring.h.rule">
      <Filter>CMake Rules</Filter>
    </CustomBuild>
    <CustomBuild Include="C:\Users\Usuario\Desktop\5CARRERA\CUIA\PRACTICAS\Proyecto\apriltag\CMakeFiles\527bdc1d13feefdf11c0bad601b04915\apriltag_py_docstrings.rule">
      <Filter>CMake Rules</Filter>
    </CustomBuild>
    <CustomBuild Include="C:\Users\Usuario\Desktop\5CARRERA\CUIA\PRACTICAS\Proyecto\apriltag\CMakeLists.txt" />
  </ItemGroup>
  <ItemGroup>
    <None Include="C:\Users\Usuario\Desktop\5CARRERA\CUIA\PRACTICAS\Proyecto\apriltag\CMakeFiles\apriltag_py_docstrings" />
  </ItemGroup>
  <ItemGroup>
    <Filter Include="CMake Rules">
      <UniqueIdentifier>{45A5AA3D-C1A2-3199-A302-D3D51DC4FCB0}</UniqueIdentifier>
    </Filter>
  </ItemGroup>
</Project>
